{
    "_meta": {
        "hash": {
            "sha256": "b9ec876504ec55e1c5b163c2102f15aab26f2cd1350e81777e6839def5e50f91"
        },
        "pipfile-spec": 6,
        "requires": {
            "python_version": "3"
        },
        "sources": [
            {
                "name": "pypi",
                "url": "https://pypi.org/simple",
                "verify_ssl": true
            }
        ]
    },
    "default": {
        "pyserial": {
            "hashes": [
                "sha256:6e2d401fdee0eab996cf734e67773a0143b932772ca8b42451440cfed942c627",
                "sha256:e0770fadba80c31013896c7e6ef703f72e7834965954a78e71a3049488d4d7d8"
            ],
            "index": "pypi",
            "version": "==3.4"
        },
        "pyvisa": {
            "hashes": [
                "sha256:9133a5c1c28ae30c9846d55039a2361ad9f9f9af21920c1b0310145977afc313"
            ],
            "index": "pypi",
            "version": "==1.10.0"
        }
    },
    "develop": {}
}
